
Microsoft Visual Studio Solution File, Format Version 12.00
# Visual Studio Version 17
VisualStudioVersion = 17.0.31903.59
MinimumVisualStudioVersion = 10.0.40219.1
Project("{FAE04EC0-301F-11D3-BF4B-00C04F79EFBC}") = "DT_CMS.API", "DT_CMS.API\DT_CMS.API.csproj", "{462F704B-DCB1-4A6F-94F1-46DF467B5986}"
EndProject
Project("{FAE04EC0-301F-11D3-BF4B-00C04F79EFBC}") = "DT_CMS.Core", "DT_CMS.Core\DT_CMS.Core.csproj", "{9B0EB397-E0FF-4C90-8AEC-00404A4B8BE0}"
EndProject
Project("{FAE04EC0-301F-11D3-BF4B-00C04F79EFBC}") = "DT_CMS.Infrastructure", "DT_CMS.Infrastructure\DT_CMS.Infrastructure.csproj", "{B91DE699-0BD8-469D-97BB-AC29FB40E288}"
EndProject
Global
	GlobalSection(SolutionConfigurationPlatforms) = preSolution
		Debug|Any CPU = Debug|Any CPU
		Release|Any CPU = Release|Any CPU
	EndGlobalSection
	GlobalSection(ProjectConfigurationPlatforms) = postSolution
		{462F704B-DCB1-4A6F-94F1-46DF467B5986}.Debug|Any CPU.ActiveCfg = Debug|Any CPU
		{462F704B-DCB1-4A6F-94F1-46DF467B5986}.Debug|Any CPU.Build.0 = Debug|Any CPU
		{462F704B-DCB1-4A6F-94F1-46DF467B5986}.Release|Any CPU.ActiveCfg = Release|Any CPU
		{462F704B-DCB1-4A6F-94F1-46DF467B5986}.Release|Any CPU.Build.0 = Release|Any CPU
		{9B0EB397-E0FF-4C90-8AEC-00404A4B8BE0}.Debug|Any CPU.ActiveCfg = Debug|Any CPU
		{9B0EB397-E0FF-4C90-8AEC-00404A4B8BE0}.Debug|Any CPU.Build.0 = Debug|Any CPU
		{9B0EB397-E0FF-4C90-8AEC-00404A4B8BE0}.Release|Any CPU.ActiveCfg = Release|Any CPU
		{9B0EB397-E0FF-4C90-8AEC-00404A4B8BE0}.Release|Any CPU.Build.0 = Release|Any CPU
		{B91DE699-0BD8-469D-97BB-AC29FB40E288}.Debug|Any CPU.ActiveCfg = Debug|Any CPU
		{B91DE699-0BD8-469D-97BB-AC29FB40E288}.Debug|Any CPU.Build.0 = Debug|Any CPU
		{B91DE699-0BD8-469D-97BB-AC29FB40E288}.Release|Any CPU.ActiveCfg = Release|Any CPU
		{B91DE699-0BD8-469D-97BB-AC29FB40E288}.Release|Any CPU.Build.0 = Release|Any CPU
	EndGlobalSection
EndGlobal
